
Microsoft Visual Studio Solution File, Format Version 12.00
# Visual Studio Version 16
VisualStudioVersion = 16.0.31702.278
MinimumVisualStudioVersion = 10.0.40219.1
Project("{F184B08F-C81C-45F6-A57F-5ABD9991F28F}") = "RestuaranWebsite", "RestuaranWebsite\RestuaranWebsite.vbproj", "{734CB05E-A1E2-4DEB-AD18-42ED4E2A959A}"
EndProject
Global
	GlobalSection(SolutionConfigurationPlatforms) = preSolution
		Debug|Any CPU = Debug|Any CPU
		Release|Any CPU = Release|Any CPU
	EndGlobalSection
	GlobalSection(ProjectConfigurationPlatforms) = postSolution
		{734CB05E-A1E2-4DEB-AD18-42ED4E2A959A}.Debug|Any CPU.ActiveCfg = Debug|Any CPU
		{734CB05E-A1E2-4DEB-AD18-42ED4E2A959A}.Debug|Any CPU.Build.0 = Debug|Any CPU
		{734CB05E-A1E2-4DEB-AD18-42ED4E2A959A}.Release|Any CPU.ActiveCfg = Release|Any CPU
		{734CB05E-A1E2-4DEB-AD18-42ED4E2A959A}.Release|Any CPU.Build.0 = Release|Any CPU
	EndGlobalSection
	GlobalSection(SolutionProperties) = preSolution
		HideSolutionNode = FALSE
	EndGlobalSection
	GlobalSection(ExtensibilityGlobals) = postSolution
		SolutionGuid = {CA516AF0-A5ED-4D92-AFE3-EF30B4F227BA}
	EndGlobalSection
EndGlobal
